// !$*UTF8*$!
{
	archiveVersion = 1;
	classes = {
	};
	objectVersion = 56;
	objects = {

/* Begin PBXBuildFile section */
		71161A0D2A1525F700EBE988 /* AppDelegate.swift in Sources */ = {isa = PBXBuildFile; fileRef = 71161A0C2A1525F700EBE988 /* AppDelegate.swift */; };
		71161A162A1525F900EBE988 /* Assets.xcassets in Resources */ = {isa = PBXBuildFile; fileRef = 71161A152A1525F900EBE988 /* Assets.xcassets */; };
		71161A192A1525F900EBE988 /* LaunchScreen.storyboard in Resources */ = {isa = PBXBuildFile; fileRef = 71161A172A1525F900EBE988 /* LaunchScreen.storyboard */; };
		71161A212A15289000EBE988 /* ProductViewCell.swift in Sources */ = {isa = PBXBuildFile; fileRef = 71161A202A15289000EBE988 /* ProductViewCell.swift */; };
		71161A232A1528A400EBE988 /* ProductListViewController.swift in Sources */ = {isa = PBXBuildFile; fileRef = 71161A222A1528A400EBE988 /* ProductListViewController.swift */; };
		71161A302A152C4000EBE988 /* CartViewController.swift in Sources */ = {isa = PBXBuildFile; fileRef = 71161A2F2A152C4000EBE988 /* CartViewController.swift */; };
		71161A342A152C9500EBE988 /* TabBarViewController.swift in Sources */ = {isa = PBXBuildFile; fileRef = 71161A332A152C9500EBE988 /* TabBarViewController.swift */; };
		71161A372A15314900EBE988 /* SnapKit in Frameworks */ = {isa = PBXBuildFile; productRef = 71161A362A15314900EBE988 /* SnapKit */; };
		71161A3E2A15CDA600EBE988 /* Product.swift in Sources */ = {isa = PBXBuildFile; fileRef = 71161A3D2A15CDA600EBE988 /* Product.swift */; };
		71161A442A16015400EBE988 /* AccountViewController.swift in Sources */ = {isa = PBXBuildFile; fileRef = 71161A432A16015400EBE988 /* AccountViewController.swift */; };
		71161A462A165FEC00EBE988 /* AmountButtonView.swift in Sources */ = {isa = PBXBuildFile; fileRef = 71161A452A165FEC00EBE988 /* AmountButtonView.swift */; };
		71161A482A1667E400EBE988 /* CartViewCell.swift in Sources */ = {isa = PBXBuildFile; fileRef = 71161A472A1667E400EBE988 /* CartViewCell.swift */; };
		71161A4A2A167E5800EBE988 /* GHTextfield.swift in Sources */ = {isa = PBXBuildFile; fileRef = 71161A492A167E5800EBE988 /* GHTextfield.swift */; };
		71161A4D2A16911E00EBE988 /* User.swift in Sources */ = {isa = PBXBuildFile; fileRef = 71161A4C2A16911E00EBE988 /* User.swift */; };
		71161A522A174E4100EBE988 /* ImageDownloader.swift in Sources */ = {isa = PBXBuildFile; fileRef = 71161A512A174E4100EBE988 /* ImageDownloader.swift */; };
		71161A542A17940F00EBE988 /* CartItem.swift in Sources */ = {isa = PBXBuildFile; fileRef = 71161A532A17940F00EBE988 /* CartItem.swift */; };
		71161A592A179DBB00EBE988 /* CartManager.swift in Sources */ = {isa = PBXBuildFile; fileRef = 71161A582A179DBB00EBE988 /* CartManager.swift */; };
		71A0C86F2A19C725008458AC /* UIViewController+Extension.swift in Sources */ = {isa = PBXBuildFile; fileRef = 71A0C86E2A19C725008458AC /* UIViewController+Extension.swift */; };
		71A0C8722A19CCED008458AC /* RegisterViewModel.swift in Sources */ = {isa = PBXBuildFile; fileRef = 71A0C8712A19CCED008458AC /* RegisterViewModel.swift */; };
		71A0C8742A19F200008458AC /* SubscriptionPeriodView.swift in Sources */ = {isa = PBXBuildFile; fileRef = 71A0C8732A19F200008458AC /* SubscriptionPeriodView.swift */; };
		71A0C8762A19FDC8008458AC /* RegisteredAccountViewController.swift in Sources */ = {isa = PBXBuildFile; fileRef = 71A0C8752A19FDC8008458AC /* RegisteredAccountViewController.swift */; };
		71A0C8792A1A039A008458AC /* AccountInfoView.swift in Sources */ = {isa = PBXBuildFile; fileRef = 71A0C8782A1A039A008458AC /* AccountInfoView.swift */; };
		71F60E9F2A187CB30000FEA5 /* AmountButtonViewItems.swift in Sources */ = {isa = PBXBuildFile; fileRef = 71F60E9E2A187CB30000FEA5 /* AmountButtonViewItems.swift */; };
		71F60EA12A187CDF0000FEA5 /* CartButtonType.swift in Sources */ = {isa = PBXBuildFile; fileRef = 71F60EA02A187CDF0000FEA5 /* CartButtonType.swift */; };
		71F60EA52A1889910000FEA5 /* RegisterViewController.swift in Sources */ = {isa = PBXBuildFile; fileRef = 71F60EA42A1889910000FEA5 /* RegisterViewController.swift */; };
		71F60EA82A189C860000FEA5 /* FHButtoon.swift in Sources */ = {isa = PBXBuildFile; fileRef = 71F60EA72A189C860000FEA5 /* FHButtoon.swift */; };
		71F60EAC2A18A6320000FEA5 /* DeliverySelectionView.swift in Sources */ = {isa = PBXBuildFile; fileRef = 71F60EAB2A18A6320000FEA5 /* DeliverySelectionView.swift */; };
		71F60EAE2A18C8F30000FEA5 /* UserSettings.swift in Sources */ = {isa = PBXBuildFile; fileRef = 71F60EAD2A18C8F30000FEA5 /* UserSettings.swift */; };
		71F60EB22A18DD690000FEA5 /* OrderViewController.swift in Sources */ = {isa = PBXBuildFile; fileRef = 71F60EB12A18DD690000FEA5 /* OrderViewController.swift */; };
		71F60EB42A18E0C70000FEA5 /* ConfirmationInfoView.swift in Sources */ = {isa = PBXBuildFile; fileRef = 71F60EB32A18E0C70000FEA5 /* ConfirmationInfoView.swift */; };
		71F60EB62A18E52B0000FEA5 /* OrderPriceView.swift in Sources */ = {isa = PBXBuildFile; fileRef = 71F60EB52A18E52B0000FEA5 /* OrderPriceView.swift */; };
/* End PBXBuildFile section */

/* Begin PBXFileReference section */
		71161A092A1525F700EBE988 /* FoodieHub.app */ = {isa = PBXFileReference; explicitFileType = wrapper.application; includeInIndex = 0; path = FoodieHub.app; sourceTree = BUILT_PRODUCTS_DIR; };
		71161A0C2A1525F700EBE988 /* AppDelegate.swift */ = {isa = PBXFileReference; lastKnownFileType = sourcecode.swift; path = AppDelegate.swift; sourceTree = "<group>"; };
		71161A152A1525F900EBE988 /* Assets.xcassets */ = {isa = PBXFileReference; lastKnownFileType = folder.assetcatalog; path = Assets.xcassets; sourceTree = "<group>"; };
		71161A182A1525F900EBE988 /* Base */ = {isa = PBXFileReference; lastKnownFileType = file.storyboard; name = Base; path = Base.lproj/LaunchScreen.storyboard; sourceTree = "<group>"; };
		71161A1A2A1525F900EBE988 /* Info.plist */ = {isa = PBXFileReference; lastKnownFileType = text.plist.xml; path = Info.plist; sourceTree = "<group>"; };
		71161A202A15289000EBE988 /* ProductViewCell.swift */ = {isa = PBXFileReference; lastKnownFileType = sourcecode.swift; path = ProductViewCell.swift; sourceTree = "<group>"; };
		71161A222A1528A400EBE988 /* ProductListViewController.swift */ = {isa = PBXFileReference; lastKnownFileType = sourcecode.swift; path = ProductListViewController.swift; sourceTree = "<group>"; };
		71161A2F2A152C4000EBE988 /* CartViewController.swift */ = {isa = PBXFileReference; lastKnownFileType = sourcecode.swift; path = CartViewController.swift; sourceTree = "<group>"; };
		71161A332A152C9500EBE988 /* TabBarViewController.swift */ = {isa = PBXFileReference; lastKnownFileType = sourcecode.swift; path = TabBarViewController.swift; sourceTree = "<group>"; };
		71161A3D2A15CDA600EBE988 /* Product.swift */ = {isa = PBXFileReference; lastKnownFileType = sourcecode.swift; path = Product.swift; sourceTree = "<group>"; };
		71161A432A16015400EBE988 /* AccountViewController.swift */ = {isa = PBXFileReference; lastKnownFileType = sourcecode.swift; path = AccountViewController.swift; sourceTree = "<group>"; };
		71161A452A165FEC00EBE988 /* AmountButtonView.swift */ = {isa = PBXFileReference; lastKnownFileType = sourcecode.swift; path = AmountButtonView.swift; sourceTree = "<group>"; };
		71161A472A1667E400EBE988 /* CartViewCell.swift */ = {isa = PBXFileReference; lastKnownFileType = sourcecode.swift; path = CartViewCell.swift; sourceTree = "<group>"; };
		71161A492A167E5800EBE988 /* GHTextfield.swift */ = {isa = PBXFileReference; lastKnownFileType = sourcecode.swift; path = GHTextfield.swift; sourceTree = "<group>"; };
		71161A4C2A16911E00EBE988 /* User.swift */ = {isa = PBXFileReference; lastKnownFileType = sourcecode.swift; path = User.swift; sourceTree = "<group>"; };
		71161A512A174E4100EBE988 /* ImageDownloader.swift */ = {isa = PBXFileReference; lastKnownFileType = sourcecode.swift; path = ImageDownloader.swift; sourceTree = "<group>"; };
		71161A532A17940F00EBE988 /* CartItem.swift */ = {isa = PBXFileReference; lastKnownFileType = sourcecode.swift; path = CartItem.swift; sourceTree = "<group>"; };
		71161A582A179DBB00EBE988 /* CartManager.swift */ = {isa = PBXFileReference; lastKnownFileType = sourcecode.swift; path = CartManager.swift; sourceTree = "<group>"; };
		71A0C86E2A19C725008458AC /* UIViewController+Extension.swift */ = {isa = PBXFileReference; lastKnownFileType = sourcecode.swift; path = "UIViewController+Extension.swift"; sourceTree = "<group>"; };
		71A0C8712A19CCED008458AC /* RegisterViewModel.swift */ = {isa = PBXFileReference; lastKnownFileType = sourcecode.swift; path = RegisterViewModel.swift; sourceTree = "<group>"; };
		71A0C8732A19F200008458AC /* SubscriptionPeriodView.swift */ = {isa = PBXFileReference; lastKnownFileType = sourcecode.swift; path = SubscriptionPeriodView.swift; sourceTree = "<group>"; };
		71A0C8752A19FDC8008458AC /* RegisteredAccountViewController.swift */ = {isa = PBXFileReference; lastKnownFileType = sourcecode.swift; path = RegisteredAccountViewController.swift; sourceTree = "<group>"; };
		71A0C8782A1A039A008458AC /* AccountInfoView.swift */ = {isa = PBXFileReference; lastKnownFileType = sourcecode.swift; path = AccountInfoView.swift; sourceTree = "<group>"; };
		71F60E9E2A187CB30000FEA5 /* AmountButtonViewItems.swift */ = {isa = PBXFileReference; lastKnownFileType = sourcecode.swift; path = AmountButtonViewItems.swift; sourceTree = "<group>"; };
		71F60EA02A187CDF0000FEA5 /* CartButtonType.swift */ = {isa = PBXFileReference; lastKnownFileType = sourcecode.swift; path = CartButtonType.swift; sourceTree = "<group>"; };
		71F60EA42A1889910000FEA5 /* RegisterViewController.swift */ = {isa = PBXFileReference; lastKnownFileType = sourcecode.swift; path = RegisterViewController.swift; sourceTree = "<group>"; };
		71F60EA72A189C860000FEA5 /* FHButtoon.swift */ = {isa = PBXFileReference; lastKnownFileType = sourcecode.swift; path = FHButtoon.swift; sourceTree = "<group>"; };
		71F60EAB2A18A6320000FEA5 /* DeliverySelectionView.swift */ = {isa = PBXFileReference; lastKnownFileType = sourcecode.swift; path = DeliverySelectionView.swift; sourceTree = "<group>"; };
		71F60EAD2A18C8F30000FEA5 /* UserSettings.swift */ = {isa = PBXFileReference; lastKnownFileType = sourcecode.swift; path = UserSettings.swift; sourceTree = "<group>"; };
		71F60EB12A18DD690000FEA5 /* OrderViewController.swift */ = {isa = PBXFileReference; lastKnownFileType = sourcecode.swift; path = OrderViewController.swift; sourceTree = "<group>"; };
		71F60EB32A18E0C70000FEA5 /* ConfirmationInfoView.swift */ = {isa = PBXFileReference; lastKnownFileType = sourcecode.swift; path = ConfirmationInfoView.swift; sourceTree = "<group>"; };
		71F60EB52A18E52B0000FEA5 /* OrderPriceView.swift */ = {isa = PBXFileReference; lastKnownFileType = sourcecode.swift; path = OrderPriceView.swift; sourceTree = "<group>"; };
/* End PBXFileReference section */

/* Begin PBXFrameworksBuildPhase section */
		71161A062A1525F700EBE988 /* Frameworks */ = {
			isa = PBXFrameworksBuildPhase;
			buildActionMask = 2147483647;
			files = (
				71161A372A15314900EBE988 /* SnapKit in Frameworks */,
			);
			runOnlyForDeploymentPostprocessing = 0;
		};
/* End PBXFrameworksBuildPhase section */

/* Begin PBXGroup section */
		71161A002A1525F700EBE988 = {
			isa = PBXGroup;
			children = (
				71161A0B2A1525F700EBE988 /* FoodieHub */,
				71161A0A2A1525F700EBE988 /* Products */,
			);
			sourceTree = "<group>";
		};
		71161A0A2A1525F700EBE988 /* Products */ = {
			isa = PBXGroup;
			children = (
				71161A092A1525F700EBE988 /* FoodieHub.app */,
			);
			name = Products;
			sourceTree = "<group>";
		};
		71161A0B2A1525F700EBE988 /* FoodieHub */ = {
			isa = PBXGroup;
			children = (
				71161A2A2A1528FE00EBE988 /* Resources */,
				71161A292A1528F400EBE988 /* Sources */,
			);
			path = FoodieHub;
			sourceTree = "<group>";
		};
		71161A262A1528CC00EBE988 /* Product */ = {
			isa = PBXGroup;
			children = (
				71161A3C2A15CCC300EBE988 /* Models */,
				71161A282A1528DC00EBE988 /* ViewController */,
				71161A272A1528D500EBE988 /* Views */,
			);
			path = Product;
			sourceTree = "<group>";
		};
		71161A272A1528D500EBE988 /* Views */ = {
			isa = PBXGroup;
			children = (
				71161A202A15289000EBE988 /* ProductViewCell.swift */,
				71F60E9D2A187BA40000FEA5 /* AmountButtonView */,
			);
			path = Views;
			sourceTree = "<group>";
		};
		71161A282A1528DC00EBE988 /* ViewController */ = {
			isa = PBXGroup;
			children = (
				71161A222A1528A400EBE988 /* ProductListViewController.swift */,
			);
			path = ViewController;
			sourceTree = "<group>";
		};
		71161A292A1528F400EBE988 /* Sources */ = {
			isa = PBXGroup;
			children = (
				71161A0C2A1525F700EBE988 /* AppDelegate.swift */,
				71161A502A174E2E00EBE988 /* Utilities */,
				71161A562A179D8E00EBE988 /* Managers */,
				71F60EA22A1889680000FEA5 /* Register */,
				71161A412A16011300EBE988 /* Account */,
				71F60EAF2A18DD2F0000FEA5 /* Order */,
				71161A2C2A152C1900EBE988 /* Cart */,
				71161A312A152C6D00EBE988 /* TabBar */,
				71161A262A1528CC00EBE988 /* Product */,
			);
			path = Sources;
			sourceTree = "<group>";
		};
		71161A2A2A1528FE00EBE988 /* Resources */ = {
			isa = PBXGroup;
			children = (
				71161A2B2A15290C00EBE988 /* Assets */,
			);
			path = Resources;
			sourceTree = "<group>";
		};
		71161A2B2A15290C00EBE988 /* Assets */ = {
			isa = PBXGroup;
			children = (
				71161A152A1525F900EBE988 /* Assets.xcassets */,
				71161A172A1525F900EBE988 /* LaunchScreen.storyboard */,
				71161A1A2A1525F900EBE988 /* Info.plist */,
			);
			path = Assets;
			sourceTree = "<group>";
		};
		71161A2C2A152C1900EBE988 /* Cart */ = {
			isa = PBXGroup;
			children = (
				71161A552A17943C00EBE988 /* Model */,
				71161A2E2A152C2E00EBE988 /* ViewController */,
				71161A2D2A152C2500EBE988 /* Views */,
			);
			path = Cart;
			sourceTree = "<group>";
		};
		71161A2D2A152C2500EBE988 /* Views */ = {
			isa = PBXGroup;
			children = (
				71161A472A1667E400EBE988 /* CartViewCell.swift */,
			);
			path = Views;
			sourceTree = "<group>";
		};
		71161A2E2A152C2E00EBE988 /* ViewController */ = {
			isa = PBXGroup;
			children = (
				71161A2F2A152C4000EBE988 /* CartViewController.swift */,
			);
			path = ViewController;
			sourceTree = "<group>";
		};
		71161A312A152C6D00EBE988 /* TabBar */ = {
			isa = PBXGroup;
			children = (
				71161A322A152C7B00EBE988 /* ViewController */,
			);
			path = TabBar;
			sourceTree = "<group>";
		};
		71161A322A152C7B00EBE988 /* ViewController */ = {
			isa = PBXGroup;
			children = (
				71161A332A152C9500EBE988 /* TabBarViewController.swift */,
			);
			path = ViewController;
			sourceTree = "<group>";
		};
		71161A3C2A15CCC300EBE988 /* Models */ = {
			isa = PBXGroup;
			children = (
				71161A3D2A15CDA600EBE988 /* Product.swift */,
			);
			path = Models;
			sourceTree = "<group>";
		};
		71161A412A16011300EBE988 /* Account */ = {
			isa = PBXGroup;
			children = (
				71A0C8772A1A037D008458AC /* Views */,
				71161A4B2A16910800EBE988 /* Model */,
				71161A422A16013C00EBE988 /* ViewController */,
			);
			path = Account;
			sourceTree = "<group>";
		};
		71161A422A16013C00EBE988 /* ViewController */ = {
			isa = PBXGroup;
			children = (
				71161A432A16015400EBE988 /* AccountViewController.swift */,
				71A0C8752A19FDC8008458AC /* RegisteredAccountViewController.swift */,
			);
			path = ViewController;
			sourceTree = "<group>";
		};
		71161A4B2A16910800EBE988 /* Model */ = {
			isa = PBXGroup;
			children = (
				71161A4C2A16911E00EBE988 /* User.swift */,
			);
			path = Model;
			sourceTree = "<group>";
		};
		71161A502A174E2E00EBE988 /* Utilities */ = {
			isa = PBXGroup;
			children = (
				71A0C86D2A19C707008458AC /* Extensions */,
				71F60EA62A189C6A0000FEA5 /* CustomViews */,
			);
			path = Utilities;
			sourceTree = "<group>";
		};
		71161A552A17943C00EBE988 /* Model */ = {
			isa = PBXGroup;
			children = (
				71161A532A17940F00EBE988 /* CartItem.swift */,
				71F60EA02A187CDF0000FEA5 /* CartButtonType.swift */,
			);
			path = Model;
			sourceTree = "<group>";
		};
		71161A562A179D8E00EBE988 /* Managers */ = {
			isa = PBXGroup;
			children = (
				71161A582A179DBB00EBE988 /* CartManager.swift */,
				71F60EAD2A18C8F30000FEA5 /* UserSettings.swift */,
				71161A512A174E4100EBE988 /* ImageDownloader.swift */,
			);
			path = Managers;
			sourceTree = "<group>";
		};
		71A0C86D2A19C707008458AC /* Extensions */ = {
			isa = PBXGroup;
			children = (
				71A0C86E2A19C725008458AC /* UIViewController+Extension.swift */,
			);
			path = Extensions;
			sourceTree = "<group>";
		};
		71A0C8702A19CCD8008458AC /* ViewModel */ = {
			isa = PBXGroup;
			children = (
				71A0C8712A19CCED008458AC /* RegisterViewModel.swift */,
			);
			path = ViewModel;
			sourceTree = "<group>";
		};
		71A0C8772A1A037D008458AC /* Views */ = {
			isa = PBXGroup;
			children = (
				71A0C8782A1A039A008458AC /* AccountInfoView.swift */,
			);
			path = Views;
			sourceTree = "<group>";
		};
		71F60E9D2A187BA40000FEA5 /* AmountButtonView */ = {
			isa = PBXGroup;
			children = (
				71161A452A165FEC00EBE988 /* AmountButtonView.swift */,
				71F60E9E2A187CB30000FEA5 /* AmountButtonViewItems.swift */,
			);
			path = AmountButtonView;
			sourceTree = "<group>";
		};
		71F60EA22A1889680000FEA5 /* Register */ = {
			isa = PBXGroup;
			children = (
				71A0C8702A19CCD8008458AC /* ViewModel */,
				71F60EA32A18896F0000FEA5 /* ViewController */,
			);
			path = Register;
			sourceTree = "<group>";
		};
		71F60EA32A18896F0000FEA5 /* ViewController */ = {
			isa = PBXGroup;
			children = (
				71F60EA42A1889910000FEA5 /* RegisterViewController.swift */,
			);
			path = ViewController;
			sourceTree = "<group>";
		};
		71F60EA62A189C6A0000FEA5 /* CustomViews */ = {
			isa = PBXGroup;
			children = (
				71161A492A167E5800EBE988 /* GHTextfield.swift */,
				71F60EAB2A18A6320000FEA5 /* DeliverySelectionView.swift */,
				71F60EA72A189C860000FEA5 /* FHButtoon.swift */,
				71A0C8732A19F200008458AC /* SubscriptionPeriodView.swift */,
			);
			path = CustomViews;
			sourceTree = "<group>";
		};
		71F60EAF2A18DD2F0000FEA5 /* Order */ = {
			isa = PBXGroup;
			children = (
				71F60EB02A18DD550000FEA5 /* ViewController */,
			);
			path = Order;
			sourceTree = "<group>";
		};
		71F60EB02A18DD550000FEA5 /* ViewController */ = {
			isa = PBXGroup;
			children = (
				71F60EB12A18DD690000FEA5 /* OrderViewController.swift */,
				71F60EB32A18E0C70000FEA5 /* ConfirmationInfoView.swift */,
				71F60EB52A18E52B0000FEA5 /* OrderPriceView.swift */,
			);
			path = ViewController;
			sourceTree = "<group>";
		};
/* End PBXGroup section */

/* Begin PBXNativeTarget section */
		71161A082A1525F700EBE988 /* FoodieHub */ = {
			isa = PBXNativeTarget;
			buildConfigurationList = 71161A1D2A1525F900EBE988 /* Build configuration list for PBXNativeTarget "FoodieHub" */;
			buildPhases = (
				71161A052A1525F700EBE988 /* Sources */,
				71161A062A1525F700EBE988 /* Frameworks */,
				71161A072A1525F700EBE988 /* Resources */,
			);
			buildRules = (
			);
			dependencies = (
			);
			name = FoodieHub;
			packageProductDependencies = (
				71161A362A15314900EBE988 /* SnapKit */,
			);
			productName = FoodieHub;
			productReference = 71161A092A1525F700EBE988 /* FoodieHub.app */;
			productType = "com.apple.product-type.application";
		};
/* End PBXNativeTarget section */

/* Begin PBXProject section */
		71161A012A1525F700EBE988 /* Project object */ = {
			isa = PBXProject;
			attributes = {
				BuildIndependentTargetsInParallel = 1;
				LastSwiftUpdateCheck = 1430;
				LastUpgradeCheck = 1430;
				TargetAttributes = {
					71161A082A1525F700EBE988 = {
						CreatedOnToolsVersion = 14.3;
					};
				};
			};
			buildConfigurationList = 71161A042A1525F700EBE988 /* Build configuration list for PBXProject "FoodieHub" */;
			compatibilityVersion = "Xcode 14.0";
			developmentRegion = en;
			hasScannedForEncodings = 0;
			knownRegions = (
				en,
				Base,
			);
			mainGroup = 71161A002A1525F700EBE988;
			packageReferences = (
				71161A352A15314900EBE988 /* XCRemoteSwiftPackageReference "SnapKit" */,
			);
			productRefGroup = 71161A0A2A1525F700EBE988 /* Products */;
			projectDirPath = "";
			projectRoot = "";
			targets = (
				71161A082A1525F700EBE988 /* FoodieHub */,
			);
		};
/* End PBXProject section */

/* Begin PBXResourcesBuildPhase section */
		71161A072A1525F700EBE988 /* Resources */ = {
			isa = PBXResourcesBuildPhase;
			buildActionMask = 2147483647;
			files = (
				71161A192A1525F900EBE988 /* LaunchScreen.storyboard in Resources */,
				71161A162A1525F900EBE988 /* Assets.xcassets in Resources */,
			);
			runOnlyForDeploymentPostprocessing = 0;
		};
/* End PBXResourcesBuildPhase section */

/* Begin PBXSourcesBuildPhase section */
		71161A052A1525F700EBE988 /* Sources */ = {
			isa = PBXSourcesBuildPhase;
			buildActionMask = 2147483647;
			files = (
				71A0C86F2A19C725008458AC /* UIViewController+Extension.swift in Sources */,
				71A0C8722A19CCED008458AC /* RegisterViewModel.swift in Sources */,
				71161A302A152C4000EBE988 /* CartViewController.swift in Sources */,
				71161A212A15289000EBE988 /* ProductViewCell.swift in Sources */,
				71161A522A174E4100EBE988 /* ImageDownloader.swift in Sources */,
				71161A442A16015400EBE988 /* AccountViewController.swift in Sources */,
				71161A232A1528A400EBE988 /* ProductListViewController.swift in Sources */,
				71161A4A2A167E5800EBE988 /* GHTextfield.swift in Sources */,
				71161A482A1667E400EBE988 /* CartViewCell.swift in Sources */,
				71F60EA12A187CDF0000FEA5 /* CartButtonType.swift in Sources */,
				71F60EAC2A18A6320000FEA5 /* DeliverySelectionView.swift in Sources */,
				71161A342A152C9500EBE988 /* TabBarViewController.swift in Sources */,
				71161A0D2A1525F700EBE988 /* AppDelegate.swift in Sources */,
				71161A592A179DBB00EBE988 /* CartManager.swift in Sources */,
				71F60EA82A189C860000FEA5 /* FHButtoon.swift in Sources */,
				71F60EAE2A18C8F30000FEA5 /* UserSettings.swift in Sources */,
				71161A3E2A15CDA600EBE988 /* Product.swift in Sources */,
				71F60EB62A18E52B0000FEA5 /* OrderPriceView.swift in Sources */,
				71F60EB42A18E0C70000FEA5 /* ConfirmationInfoView.swift in Sources */,
				71161A462A165FEC00EBE988 /* AmountButtonView.swift in Sources */,
				71A0C8792A1A039A008458AC /* AccountInfoView.swift in Sources */,
				71F60EA52A1889910000FEA5 /* RegisterViewController.swift in Sources */,
				71F60EB22A18DD690000FEA5 /* OrderViewController.swift in Sources */,
				71F60E9F2A187CB30000FEA5 /* AmountButtonViewItems.swift in Sources */,
				71161A542A17940F00EBE988 /* CartItem.swift in Sources */,
				71A0C8742A19F200008458AC /* SubscriptionPeriodView.swift in Sources */,
				71A0C8762A19FDC8008458AC /* RegisteredAccountViewController.swift in Sources */,
				71161A4D2A16911E00EBE988 /* User.swift in Sources */,
			);
			runOnlyForDeploymentPostprocessing = 0;
		};
/* End PBXSourcesBuildPhase section */

/* Begin PBXVariantGroup section */
		71161A172A1525F900EBE988 /* LaunchScreen.storyboard */ = {
			isa = PBXVariantGroup;
			children = (
				71161A182A1525F900EBE988 /* Base */,
			);
			name = LaunchScreen.storyboard;
			sourceTree = "<group>";
		};
/* End PBXVariantGroup section */

/* Begin XCBuildConfiguration section */
		71161A1B2A1525F900EBE988 /* Debug */ = {
			isa = XCBuildConfiguration;
			buildSettings = {
				ALWAYS_SEARCH_USER_PATHS = NO;
				CLANG_ANALYZER_NONNULL = YES;
				CLANG_ANALYZER_NUMBER_OBJECT_CONVERSION = YES_AGGRESSIVE;
				CLANG_CXX_LANGUAGE_STANDARD = "gnu++20";
				CLANG_ENABLE_MODULES = YES;
				CLANG_ENABLE_OBJC_ARC = YES;
				CLANG_ENABLE_OBJC_WEAK = YES;
				CLANG_WARN_BLOCK_CAPTURE_AUTORELEASING = YES;
				CLANG_WARN_BOOL_CONVERSION = YES;
				CLANG_WARN_COMMA = YES;
				CLANG_WARN_CONSTANT_CONVERSION = YES;
				CLANG_WARN_DEPRECATED_OBJC_IMPLEMENTATIONS = YES;
				CLANG_WARN_DIRECT_OBJC_ISA_USAGE = YES_ERROR;
				CLANG_WARN_DOCUMENTATION_COMMENTS = YES;
				CLANG_WARN_EMPTY_BODY = YES;
				CLANG_WARN_ENUM_CONVERSION = YES;
				CLANG_WARN_INFINITE_RECURSION = YES;
				CLANG_WARN_INT_CONVERSION = YES;
				CLANG_WARN_NON_LITERAL_NULL_CONVERSION = YES;
				CLANG_WARN_OBJC_IMPLICIT_RETAIN_SELF = YES;
				CLANG_WARN_OBJC_LITERAL_CONVERSION = YES;
				CLANG_WARN_OBJC_ROOT_CLASS = YES_ERROR;
				CLANG_WARN_QUOTED_INCLUDE_IN_FRAMEWORK_HEADER = YES;
				CLANG_WARN_RANGE_LOOP_ANALYSIS = YES;
				CLANG_WARN_STRICT_PROTOTYPES = YES;
				CLANG_WARN_SUSPICIOUS_MOVE = YES;
				CLANG_WARN_UNGUARDED_AVAILABILITY = YES_AGGRESSIVE;
				CLANG_WARN_UNREACHABLE_CODE = YES;
				CLANG_WARN__DUPLICATE_METHOD_MATCH = YES;
				COPY_PHASE_STRIP = NO;
				DEBUG_INFORMATION_FORMAT = dwarf;
				ENABLE_STRICT_OBJC_MSGSEND = YES;
				ENABLE_TESTABILITY = YES;
				GCC_C_LANGUAGE_STANDARD = gnu11;
				GCC_DYNAMIC_NO_PIC = NO;
				GCC_NO_COMMON_BLOCKS = YES;
				GCC_OPTIMIZATION_LEVEL = 0;
				GCC_PREPROCESSOR_DEFINITIONS = (
					"DEBUG=1",
					"$(inherited)",
				);
				GCC_WARN_64_TO_32_BIT_CONVERSION = YES;
				GCC_WARN_ABOUT_RETURN_TYPE = YES_ERROR;
				GCC_WARN_UNDECLARED_SELECTOR = YES;
				GCC_WARN_UNINITIALIZED_AUTOS = YES_AGGRESSIVE;
				GCC_WARN_UNUSED_FUNCTION = YES;
				GCC_WARN_UNUSED_VARIABLE = YES;
				IPHONEOS_DEPLOYMENT_TARGET = 16.4;
				MTL_ENABLE_DEBUG_INFO = INCLUDE_SOURCE;
				MTL_FAST_MATH = YES;
				ONLY_ACTIVE_ARCH = YES;
				SDKROOT = iphoneos;
				SWIFT_ACTIVE_COMPILATION_CONDITIONS = DEBUG;
				SWIFT_OPTIMIZATION_LEVEL = "-Onone";
			};
			name = Debug;
		};
		71161A1C2A1525F900EBE988 /* Release */ = {
			isa = XCBuildConfiguration;
			buildSettings = {
				ALWAYS_SEARCH_USER_PATHS = NO;
				CLANG_ANALYZER_NONNULL = YES;
				CLANG_ANALYZER_NUMBER_OBJECT_CONVERSION = YES_AGGRESSIVE;
				CLANG_CXX_LANGUAGE_STANDARD = "gnu++20";
				CLANG_ENABLE_MODULES = YES;
				CLANG_ENABLE_OBJC_ARC = YES;
				CLANG_ENABLE_OBJC_WEAK = YES;
				CLANG_WARN_BLOCK_CAPTURE_AUTORELEASING = YES;
				CLANG_WARN_BOOL_CONVERSION = YES;
				CLANG_WARN_COMMA = YES;
				CLANG_WARN_CONSTANT_CONVERSION = YES;
				CLANG_WARN_DEPRECATED_OBJC_IMPLEMENTATIONS = YES;
				CLANG_WARN_DIRECT_OBJC_ISA_USAGE = YES_ERROR;
				CLANG_WARN_DOCUMENTATION_COMMENTS = YES;
				CLANG_WARN_EMPTY_BODY = YES;
				CLANG_WARN_ENUM_CONVERSION = YES;
				CLANG_WARN_INFINITE_RECURSION = YES;
				CLANG_WARN_INT_CONVERSION = YES;
				CLANG_WARN_NON_LITERAL_NULL_CONVERSION = YES;
				CLANG_WARN_OBJC_IMPLICIT_RETAIN_SELF = YES;
				CLANG_WARN_OBJC_LITERAL_CONVERSION = YES;
				CLANG_WARN_OBJC_ROOT_CLASS = YES_ERROR;
				CLANG_WARN_QUOTED_INCLUDE_IN_FRAMEWORK_HEADER = YES;
				CLANG_WARN_RANGE_LOOP_ANALYSIS = YES;
				CLANG_WARN_STRICT_PROTOTYPES = YES;
				CLANG_WARN_SUSPICIOUS_MOVE = YES;
				CLANG_WARN_UNGUARDED_AVAILABILITY = YES_AGGRESSIVE;
				CLANG_WARN_UNREACHABLE_CODE = YES;
				CLANG_WARN__DUPLICATE_METHOD_MATCH = YES;
				COPY_PHASE_STRIP = NO;
				DEBUG_INFORMATION_FORMAT = "dwarf-with-dsym";
				ENABLE_NS_ASSERTIONS = NO;
				ENABLE_STRICT_OBJC_MSGSEND = YES;
				GCC_C_LANGUAGE_STANDARD = gnu11;
				GCC_NO_COMMON_BLOCKS = YES;
				GCC_WARN_64_TO_32_BIT_CONVERSION = YES;
				GCC_WARN_ABOUT_RETURN_TYPE = YES_ERROR;
				GCC_WARN_UNDECLARED_SELECTOR = YES;
				GCC_WARN_UNINITIALIZED_AUTOS = YES_AGGRESSIVE;
				GCC_WARN_UNUSED_FUNCTION = YES;
				GCC_WARN_UNUSED_VARIABLE = YES;
				IPHONEOS_DEPLOYMENT_TARGET = 16.4;
				MTL_ENABLE_DEBUG_INFO = NO;
				MTL_FAST_MATH = YES;
				SDKROOT = iphoneos;
				SWIFT_COMPILATION_MODE = wholemodule;
				SWIFT_OPTIMIZATION_LEVEL = "-O";
				VALIDATE_PRODUCT = YES;
			};
			name = Release;
		};
		71161A1E2A1525F900EBE988 /* Debug */ = {
			isa = XCBuildConfiguration;
			buildSettings = {
				ASSETCATALOG_COMPILER_APPICON_NAME = AppIcon;
				ASSETCATALOG_COMPILER_GLOBAL_ACCENT_COLOR_NAME = AccentColor;
				CODE_SIGN_STYLE = Automatic;
				CURRENT_PROJECT_VERSION = 1;
				DEVELOPMENT_TEAM = 253V658MGS;
				GENERATE_INFOPLIST_FILE = YES;
				INFOPLIST_FILE = FoodieHub/Resources/Assets/Info.plist;
				INFOPLIST_KEY_UIApplicationSupportsIndirectInputEvents = YES;
				INFOPLIST_KEY_UILaunchStoryboardName = LaunchScreen;
				INFOPLIST_KEY_UIMainStoryboardFile = "";
				INFOPLIST_KEY_UISupportedInterfaceOrientations_iPad = "UIInterfaceOrientationPortrait UIInterfaceOrientationPortraitUpsideDown UIInterfaceOrientationLandscapeLeft UIInterfaceOrientationLandscapeRight";
				INFOPLIST_KEY_UISupportedInterfaceOrientations_iPhone = "UIInterfaceOrientationPortrait UIInterfaceOrientationLandscapeLeft UIInterfaceOrientationLandscapeRight";
				LD_RUNPATH_SEARCH_PATHS = (
					"$(inherited)",
					"@executable_path/Frameworks",
				);
				MARKETING_VERSION = 1.0;
				PRODUCT_BUNDLE_IDENTIFIER = akma.FoodieHub;
				PRODUCT_NAME = "$(TARGET_NAME)";
				SWIFT_EMIT_LOC_STRINGS = YES;
				SWIFT_VERSION = 5.0;
				TARGETED_DEVICE_FAMILY = "1,2";
			};
			name = Debug;
		};
		71161A1F2A1525F900EBE988 /* Release */ = {
			isa = XCBuildConfiguration;
			buildSettings = {
				ASSETCATALOG_COMPILER_APPICON_NAME = AppIcon;
				ASSETCATALOG_COMPILER_GLOBAL_ACCENT_COLOR_NAME = AccentColor;
				CODE_SIGN_STYLE = Automatic;
				CURRENT_PROJECT_VERSION = 1;
				DEVELOPMENT_TEAM = 253V658MGS;
				GENERATE_INFOPLIST_FILE = YES;
				INFOPLIST_FILE = FoodieHub/Resources/Assets/Info.plist;
				INFOPLIST_KEY_UIApplicationSupportsIndirectInputEvents = YES;
				INFOPLIST_KEY_UILaunchStoryboardName = LaunchScreen;
				INFOPLIST_KEY_UIMainStoryboardFile = "";
				INFOPLIST_KEY_UISupportedInterfaceOrientations_iPad = "UIInterfaceOrientationPortrait UIInterfaceOrientationPortraitUpsideDown UIInterfaceOrientationLandscapeLeft UIInterfaceOrientationLandscapeRight";
				INFOPLIST_KEY_UISupportedInterfaceOrientations_iPhone = "UIInterfaceOrientationPortrait UIInterfaceOrientationLandscapeLeft UIInterfaceOrientationLandscapeRight";
				LD_RUNPATH_SEARCH_PATHS = (
					"$(inherited)",
					"@executable_path/Frameworks",
				);
				MARKETING_VERSION = 1.0;
				PRODUCT_BUNDLE_IDENTIFIER = akma.FoodieHub;
				PRODUCT_NAME = "$(TARGET_NAME)";
				SWIFT_EMIT_LOC_STRINGS = YES;
				SWIFT_VERSION = 5.0;
				TARGETED_DEVICE_FAMILY = "1,2";
			};
			name = Release;
		};
/* End XCBuildConfiguration section */

/* Begin XCConfigurationList section */
		71161A042A1525F700EBE988 /* Build configuration list for PBXProject "FoodieHub" */ = {
			isa = XCConfigurationList;
			buildConfigurations = (
				71161A1B2A1525F900EBE988 /* Debug */,
				71161A1C2A1525F900EBE988 /* Release */,
			);
			defaultConfigurationIsVisible = 0;
			defaultConfigurationName = Release;
		};
		71161A1D2A1525F900EBE988 /* Build configuration list for PBXNativeTarget "FoodieHub" */ = {
			isa = XCConfigurationList;
			buildConfigurations = (
				71161A1E2A1525F900EBE988 /* Debug */,
				71161A1F2A1525F900EBE988 /* Release */,
			);
			defaultConfigurationIsVisible = 0;
			defaultConfigurationName = Release;
		};
/* End XCConfigurationList section */

/* Begin XCRemoteSwiftPackageReference section */
		71161A352A15314900EBE988 /* XCRemoteSwiftPackageReference "SnapKit" */ = {
			isa = XCRemoteSwiftPackageReference;
			repositoryURL = "https://github.com/SnapKit/SnapKit";
			requirement = {
				kind = upToNextMajorVersion;
				minimumVersion = 5.0.0;
			};
		};
/* End XCRemoteSwiftPackageReference section */

/* Begin XCSwiftPackageProductDependency section */
		71161A362A15314900EBE988 /* SnapKit */ = {
			isa = XCSwiftPackageProductDependency;
			package = 71161A352A15314900EBE988 /* XCRemoteSwiftPackageReference "SnapKit" */;
			productName = SnapKit;
		};
/* End XCSwiftPackageProductDependency section */
	};
	rootObject = 71161A012A1525F700EBE988 /* Project object */;
}
